// !$*UTF8*$!
{
	archiveVersion = 1;
	classes = {
	};
	objectVersion = 51;
	objects = {

/* Begin PBXBuildFile section */
		1FB2ED9D482C273D7ED71233 /* libDomainLayer.a in Frameworks */ = {isa = PBXBuildFile; fileRef = 5E51E3B1E8F266F65D7B7256 /* libDomainLayer.a */; };
		3D7C23903C93420560CD99AD /* DomainLayerTests.swift in Sources */ = {isa = PBXBuildFile; fileRef = DB9F7F61F7E9BE80A4D1E39F /* DomainLayerTests.swift */; };
		681F369240C2800D831B4C3A /* DomainLayer.swift in Sources */ = {isa = PBXBuildFile; fileRef = DC3D43EF32A7238AA34C8BB6 /* DomainLayer.swift */; };
/* End PBXBuildFile section */

/* Begin PBXContainerItemProxy section */
		CF531F26E375AC60FF6205B1 /* PBXContainerItemProxy */ = {
			isa = PBXContainerItemProxy;
			containerPortal = B2948AD3DC4B3E15613A9796 /* Project object */;
			proxyType = 1;
			remoteGlobalIDString = 582E1A0BE9FB83DD554C396E;
			remoteInfo = DomainLayer;
		};
/* End PBXContainerItemProxy section */

/* Begin PBXFileReference section */
		114EF6298D4DE57B9833F78E /* DomainLayer */ = {isa = PBXFileReference; lastKnownFileType = folder; name = DomainLayer; path = .; sourceTree = SOURCE_ROOT; };
		5E51E3B1E8F266F65D7B7256 /* libDomainLayer.a */ = {isa = PBXFileReference; includeInIndex = 0; lastKnownFileType = archive.ar; path = libDomainLayer.a; sourceTree = BUILT_PRODUCTS_DIR; };
		7BC8860B1608408AB95CFA71 /* release.xcconfig */ = {isa = PBXFileReference; lastKnownFileType = text.xcconfig; path = release.xcconfig; sourceTree = "<group>"; };
		9A6A7BC0221043896123591F /* debug.xcconfig */ = {isa = PBXFileReference; lastKnownFileType = text.xcconfig; path = debug.xcconfig; sourceTree = "<group>"; };
		A38AE417F862157EF13C5DA4 /* DomainLayerTests.xctest */ = {isa = PBXFileReference; includeInIndex = 0; lastKnownFileType = wrapper.cfbundle; path = DomainLayerTests.xctest; sourceTree = BUILT_PRODUCTS_DIR; };
		D7D04808264A40E31C5B6F92 /* Info.plist */ = {isa = PBXFileReference; lastKnownFileType = text.plist; path = Info.plist; sourceTree = "<group>"; };
		DB9F7F61F7E9BE80A4D1E39F /* DomainLayerTests.swift */ = {isa = PBXFileReference; lastKnownFileType = sourcecode.swift; path = DomainLayerTests.swift; sourceTree = "<group>"; };
		DC3D43EF32A7238AA34C8BB6 /* DomainLayer.swift */ = {isa = PBXFileReference; lastKnownFileType = sourcecode.swift; path = DomainLayer.swift; sourceTree = "<group>"; };
/* End PBXFileReference section */

/* Begin PBXFrameworksBuildPhase section */
		032D8D0B2C0D5271F85EC00F /* Frameworks */ = {
			isa = PBXFrameworksBuildPhase;
			buildActionMask = 2147483647;
			files = (
				1FB2ED9D482C273D7ED71233 /* libDomainLayer.a in Frameworks */,
			);
			runOnlyForDeploymentPostprocessing = 0;
		};
/* End PBXFrameworksBuildPhase section */

/* Begin PBXGroup section */
		1C84A0843431018F9566F329 /* Products */ = {
			isa = PBXGroup;
			children = (
				A38AE417F862157EF13C5DA4 /* DomainLayerTests.xctest */,
				5E51E3B1E8F266F65D7B7256 /* libDomainLayer.a */,
			);
			name = Products;
			sourceTree = "<group>";
		};
		826E1E9A87A94E5AF7C75202 /* Configurations */ = {
			isa = PBXGroup;
			children = (
				9A6A7BC0221043896123591F /* debug.xcconfig */,
				7BC8860B1608408AB95CFA71 /* release.xcconfig */,
			);
			name = Configurations;
			path = ../Configurations;
			sourceTree = "<group>";
		};
		B78DDCC41A0D290C508D03A9 = {
			isa = PBXGroup;
			children = (
				826E1E9A87A94E5AF7C75202 /* Configurations */,
				D3B4CABF0040CB20AB987C68 /* DomainLayer */,
				E52AE4993E859B539C425660 /* DomainLayerTests */,
				E81685F75746E54A06D1DF70 /* Packages */,
				1C84A0843431018F9566F329 /* Products */,
			);
			sourceTree = "<group>";
		};
		D3B4CABF0040CB20AB987C68 /* DomainLayer */ = {
			isa = PBXGroup;
			children = (
				DC3D43EF32A7238AA34C8BB6 /* DomainLayer.swift */,
			);
			path = DomainLayer;
			sourceTree = "<group>";
		};
		E52AE4993E859B539C425660 /* DomainLayerTests */ = {
			isa = PBXGroup;
			children = (
				DB9F7F61F7E9BE80A4D1E39F /* DomainLayerTests.swift */,
				D7D04808264A40E31C5B6F92 /* Info.plist */,
			);
			path = DomainLayerTests;
			sourceTree = "<group>";
		};
		E81685F75746E54A06D1DF70 /* Packages */ = {
			isa = PBXGroup;
			children = (
				114EF6298D4DE57B9833F78E /* DomainLayer */,
			);
			name = Packages;
			sourceTree = SOURCE_ROOT;
		};
/* End PBXGroup section */

/* Begin PBXNativeTarget section */
		582E1A0BE9FB83DD554C396E /* DomainLayer */ = {
			isa = PBXNativeTarget;
			buildConfigurationList = 8536C58B7FE898B4E2228ABF /* Build configuration list for PBXNativeTarget "DomainLayer" */;
			buildPhases = (
				2D16ED8B29E1ECE23EDD4C6E /* Sources */,
				A7CD801C8F3F3E53CDED99DC /* Copy Swift Objective-C Interface Header */,
			);
			buildRules = (
			);
			dependencies = (
				7513DD256BF70477DF8B3ABE /* PBXTargetDependency */,
				6C42A7430BBFE054152FF399 /* PBXTargetDependency */,
			);
			name = DomainLayer;
			packageProductDependencies = (
				25BCC38B733EED5A79E399AD /* RxSwift */,
				45383096ABDE9E5640C29B00 /* RxCocoa */,
			);
			productName = DomainLayer;
			productReference = 5E51E3B1E8F266F65D7B7256 /* libDomainLayer.a */;
			productType = "com.apple.product-type.library.static";
		};
		D4A3A49D36DA98894CAD18D6 /* DomainLayerTests */ = {
			isa = PBXNativeTarget;
			buildConfigurationList = 6CF32E0ECC4C373CC239B6C6 /* Build configuration list for PBXNativeTarget "DomainLayerTests" */;
			buildPhases = (
				4D03EC836F1DA186603E5509 /* Sources */,
				032D8D0B2C0D5271F85EC00F /* Frameworks */,
			);
			buildRules = (
			);
			dependencies = (
				16153B891ABBE1ED913A835A /* PBXTargetDependency */,
			);
			name = DomainLayerTests;
			productName = DomainLayerTests;
			productReference = A38AE417F862157EF13C5DA4 /* DomainLayerTests.xctest */;
			productType = "com.apple.product-type.bundle.unit-test";
		};
/* End PBXNativeTarget section */

/* Begin PBXProject section */
		B2948AD3DC4B3E15613A9796 /* Project object */ = {
			isa = PBXProject;
			attributes = {
				LastUpgradeCheck = 1200;
				TargetAttributes = {
					582E1A0BE9FB83DD554C396E = {
						ProvisioningStyle = Manual;
					};
					D4A3A49D36DA98894CAD18D6 = {
						ProvisioningStyle = Manual;
					};
				};
			};
			buildConfigurationList = 2F39BC8FA1BCE9A294686BBE /* Build configuration list for PBXProject "DomainLayer" */;
			compatibilityVersion = "Xcode 10.0";
			developmentRegion = en;
			hasScannedForEncodings = 0;
			knownRegions = (
				Base,
				en,
			);
			mainGroup = B78DDCC41A0D290C508D03A9;
			packageReferences = (
				34AE6E78E0B825EF9F78E5E0 /* XCRemoteSwiftPackageReference "RxSwift" */,
			);
			projectDirPath = "";
			projectRoot = "";
			targets = (
				582E1A0BE9FB83DD554C396E /* DomainLayer */,
				D4A3A49D36DA98894CAD18D6 /* DomainLayerTests */,
			);
		};
/* End PBXProject section */

/* Begin PBXShellScriptBuildPhase section */
		A7CD801C8F3F3E53CDED99DC /* Copy Swift Objective-C Interface Header */ = {
			isa = PBXShellScriptBuildPhase;
			buildActionMask = 2147483647;
			files = (
			);
			inputPaths = (
				"$(DERIVED_SOURCES_DIR)/$(SWIFT_OBJC_INTERFACE_HEADER_NAME)",
			);
			name = "Copy Swift Objective-C Interface Header";
			outputPaths = (
				"$(BUILT_PRODUCTS_DIR)/include/$(PRODUCT_MODULE_NAME)/$(SWIFT_OBJC_INTERFACE_HEADER_NAME)",
			);
			runOnlyForDeploymentPostprocessing = 0;
			shellPath = /bin/sh;
			shellScript = "ditto \"${SCRIPT_INPUT_FILE_0}\" \"${SCRIPT_OUTPUT_FILE_0}\"\n";
		};
/* End PBXShellScriptBuildPhase section */

/* Begin PBXSourcesBuildPhase section */
		2D16ED8B29E1ECE23EDD4C6E /* Sources */ = {
			isa = PBXSourcesBuildPhase;
			buildActionMask = 2147483647;
			files = (
				681F369240C2800D831B4C3A /* DomainLayer.swift in Sources */,
			);
			runOnlyForDeploymentPostprocessing = 0;
		};
		4D03EC836F1DA186603E5509 /* Sources */ = {
			isa = PBXSourcesBuildPhase;
			buildActionMask = 2147483647;
			files = (
				3D7C23903C93420560CD99AD /* DomainLayerTests.swift in Sources */,
			);
			runOnlyForDeploymentPostprocessing = 0;
		};
/* End PBXSourcesBuildPhase section */

/* Begin PBXTargetDependency section */
		16153B891ABBE1ED913A835A /* PBXTargetDependency */ = {
			isa = PBXTargetDependency;
			target = 582E1A0BE9FB83DD554C396E /* DomainLayer */;
			targetProxy = CF531F26E375AC60FF6205B1 /* PBXContainerItemProxy */;
		};
		6C42A7430BBFE054152FF399 /* PBXTargetDependency */ = {
			isa = PBXTargetDependency;
			productRef = 45383096ABDE9E5640C29B00 /* RxCocoa */;
		};
		7513DD256BF70477DF8B3ABE /* PBXTargetDependency */ = {
			isa = PBXTargetDependency;
			productRef = 25BCC38B733EED5A79E399AD /* RxSwift */;
		};
/* End PBXTargetDependency section */

/* Begin XCBuildConfiguration section */
		3B5E03B8AD6514D406456203 /* Debug */ = {
			isa = XCBuildConfiguration;
			baseConfigurationReference = 9A6A7BC0221043896123591F /* debug.xcconfig */;
			buildSettings = {
				ALWAYS_SEARCH_USER_PATHS = NO;
				CLANG_ANALYZER_NONNULL = YES;
				CLANG_ANALYZER_NUMBER_OBJECT_CONVERSION = YES_AGGRESSIVE;
				CLANG_CXX_LANGUAGE_STANDARD = "gnu++14";
				CLANG_CXX_LIBRARY = "libc++";
				CLANG_ENABLE_MODULES = YES;
				CLANG_ENABLE_OBJC_ARC = YES;
				CLANG_ENABLE_OBJC_WEAK = YES;
				CLANG_WARN_BLOCK_CAPTURE_AUTORELEASING = YES;
				CLANG_WARN_BOOL_CONVERSION = YES;
				CLANG_WARN_COMMA = YES;
				CLANG_WARN_CONSTANT_CONVERSION = YES;
				CLANG_WARN_DEPRECATED_OBJC_IMPLEMENTATIONS = YES;
				CLANG_WARN_DIRECT_OBJC_ISA_USAGE = YES_ERROR;
				CLANG_WARN_DOCUMENTATION_COMMENTS = YES;
				CLANG_WARN_EMPTY_BODY = YES;
				CLANG_WARN_ENUM_CONVERSION = YES;
				CLANG_WARN_INFINITE_RECURSION = YES;
				CLANG_WARN_INT_CONVERSION = YES;
				CLANG_WARN_NON_LITERAL_NULL_CONVERSION = YES;
				CLANG_WARN_OBJC_IMPLICIT_RETAIN_SELF = YES;
				CLANG_WARN_OBJC_LITERAL_CONVERSION = YES;
				CLANG_WARN_OBJC_ROOT_CLASS = YES_ERROR;
				CLANG_WARN_QUOTED_INCLUDE_IN_FRAMEWORK_HEADER = YES;
				CLANG_WARN_RANGE_LOOP_ANALYSIS = YES;
				CLANG_WARN_STRICT_PROTOTYPES = YES;
				CLANG_WARN_SUSPICIOUS_MOVE = YES;
				CLANG_WARN_UNGUARDED_AVAILABILITY = YES_AGGRESSIVE;
				CLANG_WARN_UNREACHABLE_CODE = YES;
				CLANG_WARN__DUPLICATE_METHOD_MATCH = YES;
				COPY_PHASE_STRIP = NO;
				DEBUG_INFORMATION_FORMAT = dwarf;
				ENABLE_STRICT_OBJC_MSGSEND = YES;
				ENABLE_TESTABILITY = YES;
				GCC_C_LANGUAGE_STANDARD = gnu11;
				GCC_DYNAMIC_NO_PIC = NO;
				GCC_NO_COMMON_BLOCKS = YES;
				GCC_OPTIMIZATION_LEVEL = 0;
				GCC_PREPROCESSOR_DEFINITIONS = (
					"$(inherited)",
					"DEBUG=1",
				);
				GCC_WARN_64_TO_32_BIT_CONVERSION = YES;
				GCC_WARN_ABOUT_RETURN_TYPE = YES_ERROR;
				GCC_WARN_UNDECLARED_SELECTOR = YES;
				GCC_WARN_UNINITIALIZED_AUTOS = YES_AGGRESSIVE;
				GCC_WARN_UNUSED_FUNCTION = YES;
				GCC_WARN_UNUSED_VARIABLE = YES;
				IPHONEOS_DEPLOYMENT_TARGET = 13.0;
				MTL_ENABLE_DEBUG_INFO = INCLUDE_SOURCE;
				MTL_FAST_MATH = YES;
				ONLY_ACTIVE_ARCH = YES;
				PRODUCT_NAME = "$(TARGET_NAME)";
				SDKROOT = iphoneos;
				SWIFT_ACTIVE_COMPILATION_CONDITIONS = DEBUG;
				SWIFT_OPTIMIZATION_LEVEL = "-Onone";
				SWIFT_VERSION = 5.0;
			};
			name = Debug;
		};
		793E8539036EDFF866FAC67F /* Debug */ = {
			isa = XCBuildConfiguration;
			buildSettings = {
				LD_RUNPATH_SEARCH_PATHS = (
					"$(inherited)",
					"@executable_path/Frameworks",
				);
				SDKROOT = iphoneos;
				SKIP_INSTALL = YES;
			};
			name = Debug;
		};
		A4ED5DFF1089EBA7547D25E4 /* Debug */ = {
			isa = XCBuildConfiguration;
			buildSettings = {
				BUNDLE_LOADER = "$(TEST_HOST)";
				INFOPLIST_FILE = DomainLayerTests/Info.plist;
				LD_RUNPATH_SEARCH_PATHS = (
					"$(inherited)",
					"@executable_path/Frameworks",
					"@loader_path/Frameworks",
				);
				OTHER_LDFLAGS = (
					"$(inherited)",
					"-ObjC",
				);
				SDKROOT = iphoneos;
			};
			name = Debug;
		};
		A8E3F37B3A6373C78AC58560 /* Release */ = {
			isa = XCBuildConfiguration;
			baseConfigurationReference = 7BC8860B1608408AB95CFA71 /* release.xcconfig */;
			buildSettings = {
				ALWAYS_SEARCH_USER_PATHS = NO;
				CLANG_ANALYZER_NONNULL = YES;
				CLANG_ANALYZER_NUMBER_OBJECT_CONVERSION = YES_AGGRESSIVE;
				CLANG_CXX_LANGUAGE_STANDARD = "gnu++14";
				CLANG_CXX_LIBRARY = "libc++";
				CLANG_ENABLE_MODULES = YES;
				CLANG_ENABLE_OBJC_ARC = YES;
				CLANG_ENABLE_OBJC_WEAK = YES;
				CLANG_WARN_BLOCK_CAPTURE_AUTORELEASING = YES;
				CLANG_WARN_BOOL_CONVERSION = YES;
				CLANG_WARN_COMMA = YES;
				CLANG_WARN_CONSTANT_CONVERSION = YES;
				CLANG_WARN_DEPRECATED_OBJC_IMPLEMENTATIONS = YES;
				CLANG_WARN_DIRECT_OBJC_ISA_USAGE = YES_ERROR;
				CLANG_WARN_DOCUMENTATION_COMMENTS = YES;
				CLANG_WARN_EMPTY_BODY = YES;
				CLANG_WARN_ENUM_CONVERSION = YES;
				CLANG_WARN_INFINITE_RECURSION = YES;
				CLANG_WARN_INT_CONVERSION = YES;
				CLANG_WARN_NON_LITERAL_NULL_CONVERSION = YES;
				CLANG_WARN_OBJC_IMPLICIT_RETAIN_SELF = YES;
				CLANG_WARN_OBJC_LITERAL_CONVERSION = YES;
				CLANG_WARN_OBJC_ROOT_CLASS = YES_ERROR;
				CLANG_WARN_QUOTED_INCLUDE_IN_FRAMEWORK_HEADER = YES;
				CLANG_WARN_RANGE_LOOP_ANALYSIS = YES;
				CLANG_WARN_STRICT_PROTOTYPES = YES;
				CLANG_WARN_SUSPICIOUS_MOVE = YES;
				CLANG_WARN_UNGUARDED_AVAILABILITY = YES_AGGRESSIVE;
				CLANG_WARN_UNREACHABLE_CODE = YES;
				CLANG_WARN__DUPLICATE_METHOD_MATCH = YES;
				COPY_PHASE_STRIP = NO;
				DEBUG_INFORMATION_FORMAT = "dwarf-with-dsym";
				ENABLE_NS_ASSERTIONS = NO;
				ENABLE_STRICT_OBJC_MSGSEND = YES;
				GCC_C_LANGUAGE_STANDARD = gnu11;
				GCC_NO_COMMON_BLOCKS = YES;
				GCC_WARN_64_TO_32_BIT_CONVERSION = YES;
				GCC_WARN_ABOUT_RETURN_TYPE = YES_ERROR;
				GCC_WARN_UNDECLARED_SELECTOR = YES;
				GCC_WARN_UNINITIALIZED_AUTOS = YES_AGGRESSIVE;
				GCC_WARN_UNUSED_FUNCTION = YES;
				GCC_WARN_UNUSED_VARIABLE = YES;
				IPHONEOS_DEPLOYMENT_TARGET = 13.0;
				MTL_ENABLE_DEBUG_INFO = NO;
				MTL_FAST_MATH = YES;
				PRODUCT_NAME = "$(TARGET_NAME)";
				SDKROOT = iphoneos;
				SWIFT_COMPILATION_MODE = wholemodule;
				SWIFT_OPTIMIZATION_LEVEL = "-O";
				SWIFT_VERSION = 5.0;
			};
			name = Release;
		};
		DA24117CE2A0B3E86857F528 /* Release */ = {
			isa = XCBuildConfiguration;
			buildSettings = {
				BUNDLE_LOADER = "$(TEST_HOST)";
				INFOPLIST_FILE = DomainLayerTests/Info.plist;
				LD_RUNPATH_SEARCH_PATHS = (
					"$(inherited)",
					"@executable_path/Frameworks",
					"@loader_path/Frameworks",
				);
				OTHER_LDFLAGS = (
					"$(inherited)",
					"-ObjC",
				);
				SDKROOT = iphoneos;
			};
			name = Release;
		};
		FA0562F71A2DFAF98B8ADA98 /* Release */ = {
			isa = XCBuildConfiguration;
			buildSettings = {
				LD_RUNPATH_SEARCH_PATHS = (
					"$(inherited)",
					"@executable_path/Frameworks",
				);
				SDKROOT = iphoneos;
				SKIP_INSTALL = YES;
			};
			name = Release;
		};
/* End XCBuildConfiguration section */

/* Begin XCConfigurationList section */
		2F39BC8FA1BCE9A294686BBE /* Build configuration list for PBXProject "DomainLayer" */ = {
			isa = XCConfigurationList;
			buildConfigurations = (
				3B5E03B8AD6514D406456203 /* Debug */,
				A8E3F37B3A6373C78AC58560 /* Release */,
			);
			defaultConfigurationIsVisible = 0;
			defaultConfigurationName = Debug;
		};
		6CF32E0ECC4C373CC239B6C6 /* Build configuration list for PBXNativeTarget "DomainLayerTests" */ = {
			isa = XCConfigurationList;
			buildConfigurations = (
				A4ED5DFF1089EBA7547D25E4 /* Debug */,
				DA24117CE2A0B3E86857F528 /* Release */,
			);
			defaultConfigurationIsVisible = 0;
			defaultConfigurationName = Debug;
		};
		8536C58B7FE898B4E2228ABF /* Build configuration list for PBXNativeTarget "DomainLayer" */ = {
			isa = XCConfigurationList;
			buildConfigurations = (
				793E8539036EDFF866FAC67F /* Debug */,
				FA0562F71A2DFAF98B8ADA98 /* Release */,
			);
			defaultConfigurationIsVisible = 0;
			defaultConfigurationName = Debug;
		};
/* End XCConfigurationList section */

/* Begin XCRemoteSwiftPackageReference section */
		34AE6E78E0B825EF9F78E5E0 /* XCRemoteSwiftPackageReference "RxSwift" */ = {
			isa = XCRemoteSwiftPackageReference;
			repositoryURL = "https://github.com/ReactiveX/RxSwift.git";
			requirement = {
				kind = upToNextMajorVersion;
				minimumVersion = 6.5.0;
			};
		};
/* End XCRemoteSwiftPackageReference section */

/* Begin XCSwiftPackageProductDependency section */
		25BCC38B733EED5A79E399AD /* RxSwift */ = {
			isa = XCSwiftPackageProductDependency;
			package = 34AE6E78E0B825EF9F78E5E0 /* XCRemoteSwiftPackageReference "RxSwift" */;
			productName = RxSwift;
		};
		45383096ABDE9E5640C29B00 /* RxCocoa */ = {
			isa = XCSwiftPackageProductDependency;
			productName = RxCocoa;
		};
/* End XCSwiftPackageProductDependency section */
	};
	rootObject = B2948AD3DC4B3E15613A9796 /* Project object */;
}
