// !$*UTF8*$!
{
	archiveVersion = 1;
	classes = {
	};
	objectVersion = 50;
	objects = {

/* Begin PBXBuildFile section */
		64A82D2427A77FB50046F80E /* DomainLayer.swift in Sources */ = {isa = PBXBuildFile; fileRef = 64A82D2327A77FB50046F80E /* DomainLayer.swift */; };
		64A82D3227A77FC50046F80E /* DomainLayerTests.swift in Sources */ = {isa = PBXBuildFile; fileRef = 64A82D3127A77FC50046F80E /* DomainLayerTests.swift */; };
		64A82D3427A77FC50046F80E /* libDomainLayer.a in Frameworks */ = {isa = PBXBuildFile; fileRef = 64A82D2027A77FB50046F80E /* libDomainLayer.a */; };
/* End PBXBuildFile section */

/* Begin PBXContainerItemProxy section */
		64A82D3527A77FC50046F80E /* PBXContainerItemProxy */ = {
			isa = PBXContainerItemProxy;
			containerPortal = 64A82D1827A77FB50046F80E /* Project object */;
			proxyType = 1;
			remoteGlobalIDString = 64A82D1F27A77FB50046F80E;
			remoteInfo = DomainLayer;
		};
/* End PBXContainerItemProxy section */

/* Begin PBXCopyFilesBuildPhase section */
		64A82D1E27A77FB50046F80E /* CopyFiles */ = {
			isa = PBXCopyFilesBuildPhase;
			buildActionMask = 2147483647;
			dstPath = "include/$(PRODUCT_NAME)";
			dstSubfolderSpec = 16;
			files = (
			);
			runOnlyForDeploymentPostprocessing = 0;
		};
/* End PBXCopyFilesBuildPhase section */

/* Begin PBXFileReference section */
		64A82D2027A77FB50046F80E /* libDomainLayer.a */ = {isa = PBXFileReference; explicitFileType = archive.ar; includeInIndex = 0; path = libDomainLayer.a; sourceTree = BUILT_PRODUCTS_DIR; };
		64A82D2327A77FB50046F80E /* DomainLayer.swift */ = {isa = PBXFileReference; lastKnownFileType = sourcecode.swift; path = DomainLayer.swift; sourceTree = "<group>"; };
		64A82D2F27A77FC50046F80E /* DomainLayerTests.xctest */ = {isa = PBXFileReference; explicitFileType = wrapper.cfbundle; includeInIndex = 0; path = DomainLayerTests.xctest; sourceTree = BUILT_PRODUCTS_DIR; };
		64A82D3127A77FC50046F80E /* DomainLayerTests.swift */ = {isa = PBXFileReference; lastKnownFileType = sourcecode.swift; path = DomainLayerTests.swift; sourceTree = "<group>"; };
		64A82D3327A77FC50046F80E /* Info.plist */ = {isa = PBXFileReference; lastKnownFileType = text.plist.xml; path = Info.plist; sourceTree = "<group>"; };
/* End PBXFileReference section */

/* Begin PBXFrameworksBuildPhase section */
		64A82D1D27A77FB50046F80E /* Frameworks */ = {
			isa = PBXFrameworksBuildPhase;
			buildActionMask = 2147483647;
			files = (
			);
			runOnlyForDeploymentPostprocessing = 0;
		};
		64A82D2C27A77FC50046F80E /* Frameworks */ = {
			isa = PBXFrameworksBuildPhase;
			buildActionMask = 2147483647;
			files = (
				64A82D3427A77FC50046F80E /* libDomainLayer.a in Frameworks */,
			);
			runOnlyForDeploymentPostprocessing = 0;
		};
/* End PBXFrameworksBuildPhase section */

/* Begin PBXGroup section */
		64A82D1727A77FB50046F80E = {
			isa = PBXGroup;
			children = (
				64A82D2227A77FB50046F80E /* DomainLayer */,
				64A82D3027A77FC50046F80E /* DomainLayerTests */,
				64A82D2127A77FB50046F80E /* Products */,
			);
			sourceTree = "<group>";
		};
		64A82D2127A77FB50046F80E /* Products */ = {
			isa = PBXGroup;
			children = (
				64A82D2027A77FB50046F80E /* libDomainLayer.a */,
				64A82D2F27A77FC50046F80E /* DomainLayerTests.xctest */,
			);
			name = Products;
			sourceTree = "<group>";
		};
		64A82D2227A77FB50046F80E /* DomainLayer */ = {
			isa = PBXGroup;
			children = (
				64A82D2327A77FB50046F80E /* DomainLayer.swift */,
			);
			path = DomainLayer;
			sourceTree = "<group>";
		};
		64A82D3027A77FC50046F80E /* DomainLayerTests */ = {
			isa = PBXGroup;
			children = (
				64A82D3127A77FC50046F80E /* DomainLayerTests.swift */,
				64A82D3327A77FC50046F80E /* Info.plist */,
			);
			path = DomainLayerTests;
			sourceTree = "<group>";
		};
/* End PBXGroup section */

/* Begin PBXNativeTarget section */
		64A82D1F27A77FB50046F80E /* DomainLayer */ = {
			isa = PBXNativeTarget;
			buildConfigurationList = 64A82D2727A77FB50046F80E /* Build configuration list for PBXNativeTarget "DomainLayer" */;
			buildPhases = (
				64A82D1C27A77FB50046F80E /* Sources */,
				64A82D1D27A77FB50046F80E /* Frameworks */,
				64A82D1E27A77FB50046F80E /* CopyFiles */,
			);
			buildRules = (
			);
			dependencies = (
			);
			name = DomainLayer;
			productName = DomainLayer;
			productReference = 64A82D2027A77FB50046F80E /* libDomainLayer.a */;
			productType = "com.apple.product-type.library.static";
		};
		64A82D2E27A77FC50046F80E /* DomainLayerTests */ = {
			isa = PBXNativeTarget;
			buildConfigurationList = 64A82D3727A77FC50046F80E /* Build configuration list for PBXNativeTarget "DomainLayerTests" */;
			buildPhases = (
				64A82D2B27A77FC50046F80E /* Sources */,
				64A82D2C27A77FC50046F80E /* Frameworks */,
				64A82D2D27A77FC50046F80E /* Resources */,
			);
			buildRules = (
			);
			dependencies = (
				64A82D3627A77FC50046F80E /* PBXTargetDependency */,
			);
			name = DomainLayerTests;
			productName = DomainLayerTests;
			productReference = 64A82D2F27A77FC50046F80E /* DomainLayerTests.xctest */;
			productType = "com.apple.product-type.bundle.unit-test";
		};
/* End PBXNativeTarget section */

/* Begin PBXProject section */
		64A82D1827A77FB50046F80E /* Project object */ = {
			isa = PBXProject;
			attributes = {
				LastSwiftUpdateCheck = 1240;
				LastUpgradeCheck = 1240;
				TargetAttributes = {
					64A82D1F27A77FB50046F80E = {
						CreatedOnToolsVersion = 12.4;
					};
					64A82D2E27A77FC50046F80E = {
						CreatedOnToolsVersion = 12.4;
					};
				};
			};
			buildConfigurationList = 64A82D1B27A77FB50046F80E /* Build configuration list for PBXProject "DomainLayer" */;
			compatibilityVersion = "Xcode 9.3";
			developmentRegion = en;
			hasScannedForEncodings = 0;
			knownRegions = (
				en,
				Base,
			);
			mainGroup = 64A82D1727A77FB50046F80E;
			productRefGroup = 64A82D2127A77FB50046F80E /* Products */;
			projectDirPath = "";
			projectRoot = "";
			targets = (
				64A82D1F27A77FB50046F80E /* DomainLayer */,
				64A82D2E27A77FC50046F80E /* DomainLayerTests */,
			);
		};
/* End PBXProject section */

/* Begin PBXResourcesBuildPhase section */
		64A82D2D27A77FC50046F80E /* Resources */ = {
			isa = PBXResourcesBuildPhase;
			buildActionMask = 2147483647;
			files = (
			);
			runOnlyForDeploymentPostprocessing = 0;
		};
/* End PBXResourcesBuildPhase section */

/* Begin PBXSourcesBuildPhase section */
		64A82D1C27A77FB50046F80E /* Sources */ = {
			isa = PBXSourcesBuildPhase;
			buildActionMask = 2147483647;
			files = (
				64A82D2427A77FB50046F80E /* DomainLayer.swift in Sources */,
			);
			runOnlyForDeploymentPostprocessing = 0;
		};
		64A82D2B27A77FC50046F80E /* Sources */ = {
			isa = PBXSourcesBuildPhase;
			buildActionMask = 2147483647;
			files = (
				64A82D3227A77FC50046F80E /* DomainLayerTests.swift in Sources */,
			);
			runOnlyForDeploymentPostprocessing = 0;
		};
/* End PBXSourcesBuildPhase section */

/* Begin PBXTargetDependency section */
		64A82D3627A77FC50046F80E /* PBXTargetDependency */ = {
			isa = PBXTargetDependency;
			target = 64A82D1F27A77FB50046F80E /* DomainLayer */;
			targetProxy = 64A82D3527A77FC50046F80E /* PBXContainerItemProxy */;
		};
/* End PBXTargetDependency section */

/* Begin XCBuildConfiguration section */
		64A82D2527A77FB50046F80E /* Debug */ = {
			isa = XCBuildConfiguration;
			buildSettings = {
				ALWAYS_SEARCH_USER_PATHS = NO;
				CLANG_ANALYZER_NONNULL = YES;
				CLANG_ANALYZER_NUMBER_OBJECT_CONVERSION = YES_AGGRESSIVE;
				CLANG_CXX_LANGUAGE_STANDARD = "gnu++14";
				CLANG_CXX_LIBRARY = "libc++";
				CLANG_ENABLE_MODULES = YES;
				CLANG_ENABLE_OBJC_ARC = YES;
				CLANG_ENABLE_OBJC_WEAK = YES;
				CLANG_WARN_BLOCK_CAPTURE_AUTORELEASING = YES;
				CLANG_WARN_BOOL_CONVERSION = YES;
				CLANG_WARN_COMMA = YES;
				CLANG_WARN_CONSTANT_CONVERSION = YES;
				CLANG_WARN_DEPRECATED_OBJC_IMPLEMENTATIONS = YES;
				CLANG_WARN_DIRECT_OBJC_ISA_USAGE = YES_ERROR;
				CLANG_WARN_DOCUMENTATION_COMMENTS = YES;
				CLANG_WARN_EMPTY_BODY = YES;
				CLANG_WARN_ENUM_CONVERSION = YES;
				CLANG_WARN_INFINITE_RECURSION = YES;
				CLANG_WARN_INT_CONVERSION = YES;
				CLANG_WARN_NON_LITERAL_NULL_CONVERSION = YES;
				CLANG_WARN_OBJC_IMPLICIT_RETAIN_SELF = YES;
				CLANG_WARN_OBJC_LITERAL_CONVERSION = YES;
				CLANG_WARN_OBJC_ROOT_CLASS = YES_ERROR;
				CLANG_WARN_QUOTED_INCLUDE_IN_FRAMEWORK_HEADER = YES;
				CLANG_WARN_RANGE_LOOP_ANALYSIS = YES;
				CLANG_WARN_STRICT_PROTOTYPES = YES;
				CLANG_WARN_SUSPICIOUS_MOVE = YES;
				CLANG_WARN_UNGUARDED_AVAILABILITY = YES_AGGRESSIVE;
				CLANG_WARN_UNREACHABLE_CODE = YES;
				CLANG_WARN__DUPLICATE_METHOD_MATCH = YES;
				COPY_PHASE_STRIP = NO;
				DEBUG_INFORMATION_FORMAT = dwarf;
				ENABLE_STRICT_OBJC_MSGSEND = YES;
				ENABLE_TESTABILITY = YES;
				GCC_C_LANGUAGE_STANDARD = gnu11;
				GCC_DYNAMIC_NO_PIC = NO;
				GCC_NO_COMMON_BLOCKS = YES;
				GCC_OPTIMIZATION_LEVEL = 0;
				GCC_PREPROCESSOR_DEFINITIONS = (
					"DEBUG=1",
					"$(inherited)",
				);
				GCC_WARN_64_TO_32_BIT_CONVERSION = YES;
				GCC_WARN_ABOUT_RETURN_TYPE = YES_ERROR;
				GCC_WARN_UNDECLARED_SELECTOR = YES;
				GCC_WARN_UNINITIALIZED_AUTOS = YES_AGGRESSIVE;
				GCC_WARN_UNUSED_FUNCTION = YES;
				GCC_WARN_UNUSED_VARIABLE = YES;
				IPHONEOS_DEPLOYMENT_TARGET = 14.4;
				MTL_ENABLE_DEBUG_INFO = INCLUDE_SOURCE;
				MTL_FAST_MATH = YES;
				ONLY_ACTIVE_ARCH = YES;
				SDKROOT = iphoneos;
				SWIFT_ACTIVE_COMPILATION_CONDITIONS = DEBUG;
				SWIFT_OPTIMIZATION_LEVEL = "-Onone";
			};
			name = Debug;
		};
		64A82D2627A77FB50046F80E /* Release */ = {
			isa = XCBuildConfiguration;
			buildSettings = {
				ALWAYS_SEARCH_USER_PATHS = NO;
				CLANG_ANALYZER_NONNULL = YES;
				CLANG_ANALYZER_NUMBER_OBJECT_CONVERSION = YES_AGGRESSIVE;
				CLANG_CXX_LANGUAGE_STANDARD = "gnu++14";
				CLANG_CXX_LIBRARY = "libc++";
				CLANG_ENABLE_MODULES = YES;
				CLANG_ENABLE_OBJC_ARC = YES;
				CLANG_ENABLE_OBJC_WEAK = YES;
				CLANG_WARN_BLOCK_CAPTURE_AUTORELEASING = YES;
				CLANG_WARN_BOOL_CONVERSION = YES;
				CLANG_WARN_COMMA = YES;
				CLANG_WARN_CONSTANT_CONVERSION = YES;
				CLANG_WARN_DEPRECATED_OBJC_IMPLEMENTATIONS = YES;
				CLANG_WARN_DIRECT_OBJC_ISA_USAGE = YES_ERROR;
				CLANG_WARN_DOCUMENTATION_COMMENTS = YES;
				CLANG_WARN_EMPTY_BODY = YES;
				CLANG_WARN_ENUM_CONVERSION = YES;
				CLANG_WARN_INFINITE_RECURSION = YES;
				CLANG_WARN_INT_CONVERSION = YES;
				CLANG_WARN_NON_LITERAL_NULL_CONVERSION = YES;
				CLANG_WARN_OBJC_IMPLICIT_RETAIN_SELF = YES;
				CLANG_WARN_OBJC_LITERAL_CONVERSION = YES;
				CLANG_WARN_OBJC_ROOT_CLASS = YES_ERROR;
				CLANG_WARN_QUOTED_INCLUDE_IN_FRAMEWORK_HEADER = YES;
				CLANG_WARN_RANGE_LOOP_ANALYSIS = YES;
				CLANG_WARN_STRICT_PROTOTYPES = YES;
				CLANG_WARN_SUSPICIOUS_MOVE = YES;
				CLANG_WARN_UNGUARDED_AVAILABILITY = YES_AGGRESSIVE;
				CLANG_WARN_UNREACHABLE_CODE = YES;
				CLANG_WARN__DUPLICATE_METHOD_MATCH = YES;
				COPY_PHASE_STRIP = NO;
				DEBUG_INFORMATION_FORMAT = "dwarf-with-dsym";
				ENABLE_NS_ASSERTIONS = NO;
				ENABLE_STRICT_OBJC_MSGSEND = YES;
				GCC_C_LANGUAGE_STANDARD = gnu11;
				GCC_NO_COMMON_BLOCKS = YES;
				GCC_WARN_64_TO_32_BIT_CONVERSION = YES;
				GCC_WARN_ABOUT_RETURN_TYPE = YES_ERROR;
				GCC_WARN_UNDECLARED_SELECTOR = YES;
				GCC_WARN_UNINITIALIZED_AUTOS = YES_AGGRESSIVE;
				GCC_WARN_UNUSED_FUNCTION = YES;
				GCC_WARN_UNUSED_VARIABLE = YES;
				IPHONEOS_DEPLOYMENT_TARGET = 14.4;
				MTL_ENABLE_DEBUG_INFO = NO;
				MTL_FAST_MATH = YES;
				SDKROOT = iphoneos;
				SWIFT_COMPILATION_MODE = wholemodule;
				SWIFT_OPTIMIZATION_LEVEL = "-O";
				VALIDATE_PRODUCT = YES;
			};
			name = Release;
		};
		64A82D2827A77FB50046F80E /* Debug */ = {
			isa = XCBuildConfiguration;
			buildSettings = {
				CODE_SIGN_STYLE = Automatic;
				OTHER_LDFLAGS = "-ObjC";
				PRODUCT_NAME = "$(TARGET_NAME)";
				SKIP_INSTALL = YES;
				SWIFT_VERSION = 5.0;
				TARGETED_DEVICE_FAMILY = "1,2";
			};
			name = Debug;
		};
		64A82D2927A77FB50046F80E /* Release */ = {
			isa = XCBuildConfiguration;
			buildSettings = {
				CODE_SIGN_STYLE = Automatic;
				OTHER_LDFLAGS = "-ObjC";
				PRODUCT_NAME = "$(TARGET_NAME)";
				SKIP_INSTALL = YES;
				SWIFT_VERSION = 5.0;
				TARGETED_DEVICE_FAMILY = "1,2";
			};
			name = Release;
		};
		64A82D3827A77FC50046F80E /* Debug */ = {
			isa = XCBuildConfiguration;
			buildSettings = {
				CODE_SIGN_STYLE = Automatic;
				INFOPLIST_FILE = DomainLayerTests/Info.plist;
				LD_RUNPATH_SEARCH_PATHS = (
					"$(inherited)",
					"@executable_path/Frameworks",
					"@loader_path/Frameworks",
				);
				PRODUCT_BUNDLE_IDENTIFIER = com.fenrir.practice.DomainLayerTests;
				PRODUCT_NAME = "$(TARGET_NAME)";
				SWIFT_VERSION = 5.0;
				TARGETED_DEVICE_FAMILY = "1,2";
			};
			name = Debug;
		};
		64A82D3927A77FC50046F80E /* Release */ = {
			isa = XCBuildConfiguration;
			buildSettings = {
				CODE_SIGN_STYLE = Automatic;
				INFOPLIST_FILE = DomainLayerTests/Info.plist;
				LD_RUNPATH_SEARCH_PATHS = (
					"$(inherited)",
					"@executable_path/Frameworks",
					"@loader_path/Frameworks",
				);
				PRODUCT_BUNDLE_IDENTIFIER = com.fenrir.practice.DomainLayerTests;
				PRODUCT_NAME = "$(TARGET_NAME)";
				SWIFT_VERSION = 5.0;
				TARGETED_DEVICE_FAMILY = "1,2";
			};
			name = Release;
		};
/* End XCBuildConfiguration section */

/* Begin XCConfigurationList section */
		64A82D1B27A77FB50046F80E /* Build configuration list for PBXProject "DomainLayer" */ = {
			isa = XCConfigurationList;
			buildConfigurations = (
				64A82D2527A77FB50046F80E /* Debug */,
				64A82D2627A77FB50046F80E /* Release */,
			);
			defaultConfigurationIsVisible = 0;
			defaultConfigurationName = Release;
		};
		64A82D2727A77FB50046F80E /* Build configuration list for PBXNativeTarget "DomainLayer" */ = {
			isa = XCConfigurationList;
			buildConfigurations = (
				64A82D2827A77FB50046F80E /* Debug */,
				64A82D2927A77FB50046F80E /* Release */,
			);
			defaultConfigurationIsVisible = 0;
			defaultConfigurationName = Release;
		};
		64A82D3727A77FC50046F80E /* Build configuration list for PBXNativeTarget "DomainLayerTests" */ = {
			isa = XCConfigurationList;
			buildConfigurations = (
				64A82D3827A77FC50046F80E /* Debug */,
				64A82D3927A77FC50046F80E /* Release */,
			);
			defaultConfigurationIsVisible = 0;
			defaultConfigurationName = Release;
		};
/* End XCConfigurationList section */
	};
	rootObject = 64A82D1827A77FB50046F80E /* Project object */;
}
